PODS:
  - ARBoardEngine (3.0.5):
    - SDWebImage (~> 5.0.0)
    - Socket.IO-Client-Swift (~> 14.0.0)
  - Bugly (2.5.2)
  - SDWebImage (5.0.6):
    - SDWebImage/Core (= 5.0.6)
  - SDWebImage/Core (5.0.6)
  - Socket.IO-Client-Swift (14.0.0):
    - Starscream (~> 3.0.6)
  - Starscream (3.0.6)
  - SVProgressHUD (2.2.5)

DEPENDENCIES:
  - ARBoardEngine (~> 3.0.5)
  - Bugly
  - SVProgressHUD

SPEC REPOS:
  https://github.com/cocoapods/specs.git:
    - ARBoardEngine
    - Bugly
    - SDWebImage
    - Socket.IO-Client-Swift
    - Starscream
    - SVProgressHUD

SPEC CHECKSUMS:
  ARBoardEngine: 06ffc9c2cb3dfbe55bab8918380ff89d8c2fc56a
  Bugly: dbac48b55ad469a97cc4321045cd50df8f63d44f
  SDWebImage: 920f1a2ff1ca8296ad34f6e0510a1ef1d70ac965
  Socket.IO-Client-Swift: 21e6a8a23a7d367d5ddfab6cbbd3c679cf3c25d6
  Starscream: ef3ece99d765eeccb67de105bfa143f929026cf5
  SVProgressHUD: 1428aafac632c1f86f62aa4243ec12008d7a51d6

PODFILE CHECKSUM: 828f50fe11ee3dc49d3053e1db2db24de46ba533

COCOAPODS: 1.7.1
