PODS:
  - ARBoardEngine (3.0.1):
    - SDWebImage (~> 5.0.0)
    - Socket.IO-Client-Swift (~> 14.0.0)
  - SDWebImage (5.0.2):
    - SDWebImage/Core (= 5.0.2)
  - SDWebImage/Core (5.0.2)
  - Socket.IO-Client-Swift (14.0.0):
    - Starscream (~> 3.0.6)
  - Starscream (3.0.6)
  - SVProgressHUD (2.2.5)

DEPENDENCIES:
  - ARBoardEngine (~> 3.0.1)
  - SVProgressHUD

SPEC REPOS:
  https://github.com/cocoapods/specs.git:
    - ARBoardEngine
    - SDWebImage
    - Socket.IO-Client-Swift
    - Starscream
    - SVProgressHUD

SPEC CHECKSUMS:
  ARBoardEngine: c34a85f091361d8701acdbfe5a00b0cbf1b7bca8
  SDWebImage: 6764b5fa0f73c203728052955dbefa2bf1f33282
  Socket.IO-Client-Swift: 21e6a8a23a7d367d5ddfab6cbbd3c679cf3c25d6
  Starscream: ef3ece99d765eeccb67de105bfa143f929026cf5
  SVProgressHUD: 1428aafac632c1f86f62aa4243ec12008d7a51d6

PODFILE CHECKSUM: 8170c078b5e6c3f3555c86dc6f67f3ea97cb44fc

COCOAPODS: 1.6.1
